
Microsoft Visual Studio Solution File, Format Version 12.00
# Visual Studio Version 17
VisualStudioVersion = 17.8.34511.84
MinimumVisualStudioVersion = 10.0.40219.1
Project("{FAE04EC0-301F-11D3-BF4B-00C04F79EFBC}") = "csApp", "csApp\csApp.csproj", "{ECFF7D17-414A-45D5-9BEE-E8175B1AC960}"
EndProject
Project("{2150E333-8FDC-42A3-9474-1A3956D46DE8}") = "Solution Items", "Solution Items", "{0B610047-0C72-4FB9-8FD0-3D37222747A1}"
	ProjectSection(SolutionItems) = preProject
		README.md = README.md
	EndProjectSection
EndProject
Global
	GlobalSection(SolutionConfigurationPlatforms) = preSolution
		Debug|Any CPU = Debug|Any CPU
		Release|Any CPU = Release|Any CPU
	EndGlobalSection
	GlobalSection(ProjectConfigurationPlatforms) = postSolution
		{ECFF7D17-414A-45D5-9BEE-E8175B1AC960}.Debug|Any CPU.ActiveCfg = Debug|Any CPU
		{ECFF7D17-414A-45D5-9BEE-E8175B1AC960}.Debug|Any CPU.Build.0 = Debug|Any CPU
		{ECFF7D17-414A-45D5-9BEE-E8175B1AC960}.Release|Any CPU.ActiveCfg = Release|Any CPU
		{ECFF7D17-414A-45D5-9BEE-E8175B1AC960}.Release|Any CPU.Build.0 = Release|Any CPU
	EndGlobalSection
	GlobalSection(SolutionProperties) = preSolution
		HideSolutionNode = FALSE
	EndGlobalSection
	GlobalSection(ExtensibilityGlobals) = postSolution
		SolutionGuid = {071640F4-1D5D-4673-9DF8-C2DA08E0EF71}
	EndGlobalSection
EndGlobal
